{
  "name": "dubaixtra",
  "lockfileVersion": 3,
  "requires": true,
  "packages": {
    "": {
      "name": "dubaixtra",
      "dependencies": {
        "ultrahtml": "1.7.0"
      }
    },
    "node_modules/ultrahtml": {
      "version": "1.7.0",
      "resolved": "https://registry.npmjs.org/ultrahtml/-/ultrahtml-1.7.0.tgz",
      "integrity": "sha512-2xRd0VHoAQE4M+vF/DvFFB7pUV0ZxTW1TLi7lHQWnF/Sb5TPeEUV/l+hxcNnGO00ZXGnR0voCMmYRKQf+rvJ2g==",
      "license": "MIT"
    }
  }
}
